// !$*UTF8*$!
{
	archiveVersion = 1;
	classes = {
	};
	objectVersion = 56;
	objects = {

/* Begin PBXBuildFile section */
		C84EADAE2AF8E26200DE5D8C /* AppDelegate.swift in Sources */ = {isa = PBXBuildFile; fileRef = C84EADAD2AF8E26200DE5D8C /* AppDelegate.swift */; };
		C84EADB02AF8E26200DE5D8C /* SceneDelegate.swift in Sources */ = {isa = PBXBuildFile; fileRef = C84EADAF2AF8E26200DE5D8C /* SceneDelegate.swift */; };
		C84EADB22AF8E26200DE5D8C /* ViewController.swift in Sources */ = {isa = PBXBuildFile; fileRef = C84EADB12AF8E26200DE5D8C /* ViewController.swift */; };
		C84EADB52AF8E26200DE5D8C /* Main.storyboard in Resources */ = {isa = PBXBuildFile; fileRef = C84EADB32AF8E26200DE5D8C /* Main.storyboard */; };
		C84EADB82AF8E26200DE5D8C /* git.xcdatamodeld in Sources */ = {isa = PBXBuildFile; fileRef = C84EADB62AF8E26200DE5D8C /* git.xcdatamodeld */; };
		C84EADBA2AF8E26300DE5D8C /* Assets.xcassets in Resources */ = {isa = PBXBuildFile; fileRef = C84EADB92AF8E26300DE5D8C /* Assets.xcassets */; };
		C84EADBD2AF8E26300DE5D8C /* LaunchScreen.storyboard in Resources */ = {isa = PBXBuildFile; fileRef = C84EADBB2AF8E26300DE5D8C /* LaunchScreen.storyboard */; };
		C84EADC82AF8E26300DE5D8C /* gitTests.swift in Sources */ = {isa = PBXBuildFile; fileRef = C84EADC72AF8E26300DE5D8C /* gitTests.swift */; };
		C84EADD22AF8E26300DE5D8C /* gitUITests.swift in Sources */ = {isa = PBXBuildFile; fileRef = C84EADD12AF8E26300DE5D8C /* gitUITests.swift */; };
		C84EADD42AF8E26300DE5D8C /* gitUITestsLaunchTests.swift in Sources */ = {isa = PBXBuildFile; fileRef = C84EADD32AF8E26300DE5D8C /* gitUITestsLaunchTests.swift */; };
/* End PBXBuildFile section */

/* Begin PBXContainerItemProxy section */
		C84EADC42AF8E26300DE5D8C /* PBXContainerItemProxy */ = {
			isa = PBXContainerItemProxy;
			containerPortal = C84EADA22AF8E26200DE5D8C /* Project object */;
			proxyType = 1;
			remoteGlobalIDString = C84EADA92AF8E26200DE5D8C;
			remoteInfo = git;
		};
		C84EADCE2AF8E26300DE5D8C /* PBXContainerItemProxy */ = {
			isa = PBXContainerItemProxy;
			containerPortal = C84EADA22AF8E26200DE5D8C /* Project object */;
			proxyType = 1;
			remoteGlobalIDString = C84EADA92AF8E26200DE5D8C;
			remoteInfo = git;
		};
/* End PBXContainerItemProxy section */

/* Begin PBXFileReference section */
		C84EADAA2AF8E26200DE5D8C /* git.app */ = {isa = PBXFileReference; explicitFileType = wrapper.application; includeInIndex = 0; path = git.app; sourceTree = BUILT_PRODUCTS_DIR; };
		C84EADAD2AF8E26200DE5D8C /* AppDelegate.swift */ = {isa = PBXFileReference; lastKnownFileType = sourcecode.swift; path = AppDelegate.swift; sourceTree = "<group>"; };
		C84EADAF2AF8E26200DE5D8C /* SceneDelegate.swift */ = {isa = PBXFileReference; lastKnownFileType = sourcecode.swift; path = SceneDelegate.swift; sourceTree = "<group>"; };
		C84EADB12AF8E26200DE5D8C /* ViewController.swift */ = {isa = PBXFileReference; lastKnownFileType = sourcecode.swift; path = ViewController.swift; sourceTree = "<group>"; };
		C84EADB42AF8E26200DE5D8C /* Base */ = {isa = PBXFileReference; lastKnownFileType = file.storyboard; name = Base; path = Base.lproj/Main.storyboard; sourceTree = "<group>"; };
		C84EADB72AF8E26200DE5D8C /* git.xcdatamodel */ = {isa = PBXFileReference; lastKnownFileType = wrapper.xcdatamodel; path = git.xcdatamodel; sourceTree = "<group>"; };
		C84EADB92AF8E26300DE5D8C /* Assets.xcassets */ = {isa = PBXFileReference; lastKnownFileType = folder.assetcatalog; path = Assets.xcassets; sourceTree = "<group>"; };
		C84EADBC2AF8E26300DE5D8C /* Base */ = {isa = PBXFileReference; lastKnownFileType = file.storyboard; name = Base; path = Base.lproj/LaunchScreen.storyboard; sourceTree = "<group>"; };
		C84EADBE2AF8E26300DE5D8C /* Info.plist */ = {isa = PBXFileReference; lastKnownFileType = text.plist.xml; path = Info.plist; sourceTree = "<group>"; };
		C84EADC32AF8E26300DE5D8C /* gitTests.xctest */ = {isa = PBXFileReference; explicitFileType = wrapper.cfbundle; includeInIndex = 0; path = gitTests.xctest; sourceTree = BUILT_PRODUCTS_DIR; };
		C84EADC72AF8E26300DE5D8C /* gitTests.swift */ = {isa = PBXFileReference; lastKnownFileType = sourcecode.swift; path = gitTests.swift; sourceTree = "<group>"; };
		C84EADCD2AF8E26300DE5D8C /* gitUITests.xctest */ = {isa = PBXFileReference; explicitFileType = wrapper.cfbundle; includeInIndex = 0; path = gitUITests.xctest; sourceTree = BUILT_PRODUCTS_DIR; };
		C84EADD12AF8E26300DE5D8C /* gitUITests.swift */ = {isa = PBXFileReference; lastKnownFileType = sourcecode.swift; path = gitUITests.swift; sourceTree = "<group>"; };
		C84EADD32AF8E26300DE5D8C /* gitUITestsLaunchTests.swift */ = {isa = PBXFileReference; lastKnownFileType = sourcecode.swift; path = gitUITestsLaunchTests.swift; sourceTree = "<group>"; };
/* End PBXFileReference section */

/* Begin PBXFrameworksBuildPhase section */
		C84EADA72AF8E26200DE5D8C /* Frameworks */ = {
			isa = PBXFrameworksBuildPhase;
			buildActionMask = 2147483647;
			files = (
			);
			runOnlyForDeploymentPostprocessing = 0;
		};
		C84EADC02AF8E26300DE5D8C /* Frameworks */ = {
			isa = PBXFrameworksBuildPhase;
			buildActionMask = 2147483647;
			files = (
			);
			runOnlyForDeploymentPostprocessing = 0;
		};
		C84EADCA2AF8E26300DE5D8C /* Frameworks */ = {
			isa = PBXFrameworksBuildPhase;
			buildActionMask = 2147483647;
			files = (
			);
			runOnlyForDeploymentPostprocessing = 0;
		};
/* End PBXFrameworksBuildPhase section */

/* Begin PBXGroup section */
		C84EADA12AF8E26200DE5D8C = {
			isa = PBXGroup;
			children = (
				C84EADAC2AF8E26200DE5D8C /* git */,
				C84EADC62AF8E26300DE5D8C /* gitTests */,
				C84EADD02AF8E26300DE5D8C /* gitUITests */,
				C84EADAB2AF8E26200DE5D8C /* Products */,
			);
			sourceTree = "<group>";
		};
		C84EADAB2AF8E26200DE5D8C /* Products */ = {
			isa = PBXGroup;
			children = (
				C84EADAA2AF8E26200DE5D8C /* git.app */,
				C84EADC32AF8E26300DE5D8C /* gitTests.xctest */,
				C84EADCD2AF8E26300DE5D8C /* gitUITests.xctest */,
			);
			name = Products;
			sourceTree = "<group>";
		};
		C84EADAC2AF8E26200DE5D8C /* git */ = {
			isa = PBXGroup;
			children = (
				C84EADAD2AF8E26200DE5D8C /* AppDelegate.swift */,
				C84EADAF2AF8E26200DE5D8C /* SceneDelegate.swift */,
				C84EADB12AF8E26200DE5D8C /* ViewController.swift */,
				C84EADB32AF8E26200DE5D8C /* Main.storyboard */,
				C84EADB92AF8E26300DE5D8C /* Assets.xcassets */,
				C84EADBB2AF8E26300DE5D8C /* LaunchScreen.storyboard */,
				C84EADBE2AF8E26300DE5D8C /* Info.plist */,
				C84EADB62AF8E26200DE5D8C /* git.xcdatamodeld */,
			);
			path = git;
			sourceTree = "<group>";
		};
		C84EADC62AF8E26300DE5D8C /* gitTests */ = {
			isa = PBXGroup;
			children = (
				C84EADC72AF8E26300DE5D8C /* gitTests.swift */,
			);
			path = gitTests;
			sourceTree = "<group>";
		};
		C84EADD02AF8E26300DE5D8C /* gitUITests */ = {
			isa = PBXGroup;
			children = (
				C84EADD12AF8E26300DE5D8C /* gitUITests.swift */,
				C84EADD32AF8E26300DE5D8C /* gitUITestsLaunchTests.swift */,
			);
			path = gitUITests;
			sourceTree = "<group>";
		};
/* End PBXGroup section */

/* Begin PBXNativeTarget section */
		C84EADA92AF8E26200DE5D8C /* git */ = {
			isa = PBXNativeTarget;
			buildConfigurationList = C84EADD72AF8E26300DE5D8C /* Build configuration list for PBXNativeTarget "git" */;
			buildPhases = (
				C84EADA62AF8E26200DE5D8C /* Sources */,
				C84EADA72AF8E26200DE5D8C /* Frameworks */,
				C84EADA82AF8E26200DE5D8C /* Resources */,
			);
			buildRules = (
			);
			dependencies = (
			);
			name = git;
			productName = git;
			productReference = C84EADAA2AF8E26200DE5D8C /* git.app */;
			productType = "com.apple.product-type.application";
		};
		C84EADC22AF8E26300DE5D8C /* gitTests */ = {
			isa = PBXNativeTarget;
			buildConfigurationList = C84EADDA2AF8E26300DE5D8C /* Build configuration list for PBXNativeTarget "gitTests" */;
			buildPhases = (
				C84EADBF2AF8E26300DE5D8C /* Sources */,
				C84EADC02AF8E26300DE5D8C /* Frameworks */,
				C84EADC12AF8E26300DE5D8C /* Resources */,
			);
			buildRules = (
			);
			dependencies = (
				C84EADC52AF8E26300DE5D8C /* PBXTargetDependency */,
			);
			name = gitTests;
			productName = gitTests;
			productReference = C84EADC32AF8E26300DE5D8C /* gitTests.xctest */;
			productType = "com.apple.product-type.bundle.unit-test";
		};
		C84EADCC2AF8E26300DE5D8C /* gitUITests */ = {
			isa = PBXNativeTarget;
			buildConfigurationList = C84EADDD2AF8E26300DE5D8C /* Build configuration list for PBXNativeTarget "gitUITests" */;
			buildPhases = (
				C84EADC92AF8E26300DE5D8C /* Sources */,
				C84EADCA2AF8E26300DE5D8C /* Frameworks */,
				C84EADCB2AF8E26300DE5D8C /* Resources */,
			);
			buildRules = (
			);
			dependencies = (
				C84EADCF2AF8E26300DE5D8C /* PBXTargetDependency */,
			);
			name = gitUITests;
			productName = gitUITests;
			productReference = C84EADCD2AF8E26300DE5D8C /* gitUITests.xctest */;
			productType = "com.apple.product-type.bundle.ui-testing";
		};
/* End PBXNativeTarget section */

/* Begin PBXProject section */
		C84EADA22AF8E26200DE5D8C /* Project object */ = {
			isa = PBXProject;
			attributes = {
				BuildIndependentTargetsInParallel = 1;
				LastSwiftUpdateCheck = 1430;
				LastUpgradeCheck = 1430;
				TargetAttributes = {
					C84EADA92AF8E26200DE5D8C = {
						CreatedOnToolsVersion = 14.3.1;
					};
					C84EADC22AF8E26300DE5D8C = {
						CreatedOnToolsVersion = 14.3.1;
						TestTargetID = C84EADA92AF8E26200DE5D8C;
					};
					C84EADCC2AF8E26300DE5D8C = {
						CreatedOnToolsVersion = 14.3.1;
						TestTargetID = C84EADA92AF8E26200DE5D8C;
					};
				};
			};
			buildConfigurationList = C84EADA52AF8E26200DE5D8C /* Build configuration list for PBXProject "git" */;
			compatibilityVersion = "Xcode 14.0";
			developmentRegion = en;
			hasScannedForEncodings = 0;
			knownRegions = (
				en,
				Base,
			);
			mainGroup = C84EADA12AF8E26200DE5D8C;
			productRefGroup = C84EADAB2AF8E26200DE5D8C /* Products */;
			projectDirPath = "";
			projectRoot = "";
			targets = (
				C84EADA92AF8E26200DE5D8C /* git */,
				C84EADC22AF8E26300DE5D8C /* gitTests */,
				C84EADCC2AF8E26300DE5D8C /* gitUITests */,
			);
		};
/* End PBXProject section */

/* Begin PBXResourcesBuildPhase section */
		C84EADA82AF8E26200DE5D8C /* Resources */ = {
			isa = PBXResourcesBuildPhase;
			buildActionMask = 2147483647;
			files = (
				C84EADBD2AF8E26300DE5D8C /* LaunchScreen.storyboard in Resources */,
				C84EADBA2AF8E26300DE5D8C /* Assets.xcassets in Resources */,
				C84EADB52AF8E26200DE5D8C /* Main.storyboard in Resources */,
			);
			runOnlyForDeploymentPostprocessing = 0;
		};
		C84EADC12AF8E26300DE5D8C /* Resources */ = {
			isa = PBXResourcesBuildPhase;
			buildActionMask = 2147483647;
			files = (
			);
			runOnlyForDeploymentPostprocessing = 0;
		};
		C84EADCB2AF8E26300DE5D8C /* Resources */ = {
			isa = PBXResourcesBuildPhase;
			buildActionMask = 2147483647;
			files = (
			);
			runOnlyForDeploymentPostprocessing = 0;
		};
/* End PBXResourcesBuildPhase section */

/* Begin PBXSourcesBuildPhase section */
		C84EADA62AF8E26200DE5D8C /* Sources */ = {
			isa = PBXSourcesBuildPhase;
			buildActionMask = 2147483647;
			files = (
				C84EADB82AF8E26200DE5D8C /* git.xcdatamodeld in Sources */,
				C84EADB22AF8E26200DE5D8C /* ViewController.swift in Sources */,
				C84EADAE2AF8E26200DE5D8C /* AppDelegate.swift in Sources */,
				C84EADB02AF8E26200DE5D8C /* SceneDelegate.swift in Sources */,
			);
			runOnlyForDeploymentPostprocessing = 0;
		};
		C84EADBF2AF8E26300DE5D8C /* Sources */ = {
			isa = PBXSourcesBuildPhase;
			buildActionMask = 2147483647;
			files = (
				C84EADC82AF8E26300DE5D8C /* gitTests.swift in Sources */,
			);
			runOnlyForDeploymentPostprocessing = 0;
		};
		C84EADC92AF8E26300DE5D8C /* Sources */ = {
			isa = PBXSourcesBuildPhase;
			buildActionMask = 2147483647;
			files = (
				C84EADD22AF8E26300DE5D8C /* gitUITests.swift in Sources */,
				C84EADD42AF8E26300DE5D8C /* gitUITestsLaunchTests.swift in Sources */,
			);
			runOnlyForDeploymentPostprocessing = 0;
		};
/* End PBXSourcesBuildPhase section */

/* Begin PBXTargetDependency section */
		C84EADC52AF8E26300DE5D8C /* PBXTargetDependency */ = {
			isa = PBXTargetDependency;
			target = C84EADA92AF8E26200DE5D8C /* git */;
			targetProxy = C84EADC42AF8E26300DE5D8C /* PBXContainerItemProxy */;
		};
		C84EADCF2AF8E26300DE5D8C /* PBXTargetDependency */ = {
			isa = PBXTargetDependency;
			target = C84EADA92AF8E26200DE5D8C /* git */;
			targetProxy = C84EADCE2AF8E26300DE5D8C /* PBXContainerItemProxy */;
		};
/* End PBXTargetDependency section */

/* Begin PBXVariantGroup section */
		C84EADB32AF8E26200DE5D8C /* Main.storyboard */ = {
			isa = PBXVariantGroup;
			children = (
				C84EADB42AF8E26200DE5D8C /* Base */,
			);
			name = Main.storyboard;
			sourceTree = "<group>";
		};
		C84EADBB2AF8E26300DE5D8C /* LaunchScreen.storyboard */ = {
			isa = PBXVariantGroup;
			children = (
				C84EADBC2AF8E26300DE5D8C /* Base */,
			);
			name = LaunchScreen.storyboard;
			sourceTree = "<group>";
		};
/* End PBXVariantGroup section */

/* Begin XCBuildConfiguration section */
		C84EADD52AF8E26300DE5D8C /* Debug */ = {
			isa = XCBuildConfiguration;
			buildSettings = {
				ALWAYS_SEARCH_USER_PATHS = NO;
				CLANG_ANALYZER_NONNULL = YES;
				CLANG_ANALYZER_NUMBER_OBJECT_CONVERSION = YES_AGGRESSIVE;
				CLANG_CXX_LANGUAGE_STANDARD = "gnu++20";
				CLANG_ENABLE_MODULES = YES;
				CLANG_ENABLE_OBJC_ARC = YES;
				CLANG_ENABLE_OBJC_WEAK = YES;
				CLANG_WARN_BLOCK_CAPTURE_AUTORELEASING = YES;
				CLANG_WARN_BOOL_CONVERSION = YES;
				CLANG_WARN_COMMA = YES;
				CLANG_WARN_CONSTANT_CONVERSION = YES;
				CLANG_WARN_DEPRECATED_OBJC_IMPLEMENTATIONS = YES;
				CLANG_WARN_DIRECT_OBJC_ISA_USAGE = YES_ERROR;
				CLANG_WARN_DOCUMENTATION_COMMENTS = YES;
				CLANG_WARN_EMPTY_BODY = YES;
				CLANG_WARN_ENUM_CONVERSION = YES;
				CLANG_WARN_INFINITE_RECURSION = YES;
				CLANG_WARN_INT_CONVERSION = YES;
				CLANG_WARN_NON_LITERAL_NULL_CONVERSION = YES;
				CLANG_WARN_OBJC_IMPLICIT_RETAIN_SELF = YES;
				CLANG_WARN_OBJC_LITERAL_CONVERSION = YES;
				CLANG_WARN_OBJC_ROOT_CLASS = YES_ERROR;
				CLANG_WARN_QUOTED_INCLUDE_IN_FRAMEWORK_HEADER = YES;
				CLANG_WARN_RANGE_LOOP_ANALYSIS = YES;
				CLANG_WARN_STRICT_PROTOTYPES = YES;
				CLANG_WARN_SUSPICIOUS_MOVE = YES;
				CLANG_WARN_UNGUARDED_AVAILABILITY = YES_AGGRESSIVE;
				CLANG_WARN_UNREACHABLE_CODE = YES;
				CLANG_WARN__DUPLICATE_METHOD_MATCH = YES;
				COPY_PHASE_STRIP = NO;
				DEBUG_INFORMATION_FORMAT = dwarf;
				ENABLE_STRICT_OBJC_MSGSEND = YES;
				ENABLE_TESTABILITY = YES;
				GCC_C_LANGUAGE_STANDARD = gnu11;
				GCC_DYNAMIC_NO_PIC = NO;
				GCC_NO_COMMON_BLOCKS = YES;
				GCC_OPTIMIZATION_LEVEL = 0;
				GCC_PREPROCESSOR_DEFINITIONS = (
					"DEBUG=1",
					"$(inherited)",
				);
				GCC_WARN_64_TO_32_BIT_CONVERSION = YES;
				GCC_WARN_ABOUT_RETURN_TYPE = YES_ERROR;
				GCC_WARN_UNDECLARED_SELECTOR = YES;
				GCC_WARN_UNINITIALIZED_AUTOS = YES_AGGRESSIVE;
				GCC_WARN_UNUSED_FUNCTION = YES;
				GCC_WARN_UNUSED_VARIABLE = YES;
				IPHONEOS_DEPLOYMENT_TARGET = 16.4;
				MTL_ENABLE_DEBUG_INFO = INCLUDE_SOURCE;
				MTL_FAST_MATH = YES;
				ONLY_ACTIVE_ARCH = YES;
				SDKROOT = iphoneos;
				SWIFT_ACTIVE_COMPILATION_CONDITIONS = DEBUG;
				SWIFT_OPTIMIZATION_LEVEL = "-Onone";
			};
			name = Debug;
		};
		C84EADD62AF8E26300DE5D8C /* Release */ = {
			isa = XCBuildConfiguration;
			buildSettings = {
				ALWAYS_SEARCH_USER_PATHS = NO;
				CLANG_ANALYZER_NONNULL = YES;
				CLANG_ANALYZER_NUMBER_OBJECT_CONVERSION = YES_AGGRESSIVE;
				CLANG_CXX_LANGUAGE_STANDARD = "gnu++20";
				CLANG_ENABLE_MODULES = YES;
				CLANG_ENABLE_OBJC_ARC = YES;
				CLANG_ENABLE_OBJC_WEAK = YES;
				CLANG_WARN_BLOCK_CAPTURE_AUTORELEASING = YES;
				CLANG_WARN_BOOL_CONVERSION = YES;
				CLANG_WARN_COMMA = YES;
				CLANG_WARN_CONSTANT_CONVERSION = YES;
				CLANG_WARN_DEPRECATED_OBJC_IMPLEMENTATIONS = YES;
				CLANG_WARN_DIRECT_OBJC_ISA_USAGE = YES_ERROR;
				CLANG_WARN_DOCUMENTATION_COMMENTS = YES;
				CLANG_WARN_EMPTY_BODY = YES;
				CLANG_WARN_ENUM_CONVERSION = YES;
				CLANG_WARN_INFINITE_RECURSION = YES;
				CLANG_WARN_INT_CONVERSION = YES;
				CLANG_WARN_NON_LITERAL_NULL_CONVERSION = YES;
				CLANG_WARN_OBJC_IMPLICIT_RETAIN_SELF = YES;
				CLANG_WARN_OBJC_LITERAL_CONVERSION = YES;
				CLANG_WARN_OBJC_ROOT_CLASS = YES_ERROR;
				CLANG_WARN_QUOTED_INCLUDE_IN_FRAMEWORK_HEADER = YES;
				CLANG_WARN_RANGE_LOOP_ANALYSIS = YES;
				CLANG_WARN_STRICT_PROTOTYPES = YES;
				CLANG_WARN_SUSPICIOUS_MOVE = YES;
				CLANG_WARN_UNGUARDED_AVAILABILITY = YES_AGGRESSIVE;
				CLANG_WARN_UNREACHABLE_CODE = YES;
				CLANG_WARN__DUPLICATE_METHOD_MATCH = YES;
				COPY_PHASE_STRIP = NO;
				DEBUG_INFORMATION_FORMAT = "dwarf-with-dsym";
				ENABLE_NS_ASSERTIONS = NO;
				ENABLE_STRICT_OBJC_MSGSEND = YES;
				GCC_C_LANGUAGE_STANDARD = gnu11;
				GCC_NO_COMMON_BLOCKS = YES;
				GCC_WARN_64_TO_32_BIT_CONVERSION = YES;
				GCC_WARN_ABOUT_RETURN_TYPE = YES_ERROR;
				GCC_WARN_UNDECLARED_SELECTOR = YES;
				GCC_WARN_UNINITIALIZED_AUTOS = YES_AGGRESSIVE;
				GCC_WARN_UNUSED_FUNCTION = YES;
				GCC_WARN_UNUSED_VARIABLE = YES;
				IPHONEOS_DEPLOYMENT_TARGET = 16.4;
				MTL_ENABLE_DEBUG_INFO = NO;
				MTL_FAST_MATH = YES;
				SDKROOT = iphoneos;
				SWIFT_COMPILATION_MODE = wholemodule;
				SWIFT_OPTIMIZATION_LEVEL = "-O";
				VALIDATE_PRODUCT = YES;
			};
			name = Release;
		};
		C84EADD82AF8E26300DE5D8C /* Debug */ = {
			isa = XCBuildConfiguration;
			buildSettings = {
				ASSETCATALOG_COMPILER_APPICON_NAME = AppIcon;
				ASSETCATALOG_COMPILER_GLOBAL_ACCENT_COLOR_NAME = AccentColor;
				CODE_SIGN_STYLE = Automatic;
				CURRENT_PROJECT_VERSION = 1;
				DEVELOPMENT_TEAM = DW8TYMM7W4;
				GENERATE_INFOPLIST_FILE = YES;
				INFOPLIST_FILE = git/Info.plist;
				INFOPLIST_KEY_UIApplicationSupportsIndirectInputEvents = YES;
				INFOPLIST_KEY_UILaunchStoryboardName = LaunchScreen;
				INFOPLIST_KEY_UIMainStoryboardFile = Main;
				INFOPLIST_KEY_UISupportedInterfaceOrientations_iPad = "UIInterfaceOrientationPortrait UIInterfaceOrientationPortraitUpsideDown UIInterfaceOrientationLandscapeLeft UIInterfaceOrientationLandscapeRight";
				INFOPLIST_KEY_UISupportedInterfaceOrientations_iPhone = "UIInterfaceOrientationPortrait UIInterfaceOrientationLandscapeLeft UIInterfaceOrientationLandscapeRight";
				LD_RUNPATH_SEARCH_PATHS = (
					"$(inherited)",
					"@executable_path/Frameworks",
				);
				MARKETING_VERSION = 1.0;
				PRODUCT_BUNDLE_IDENTIFIER = noname.git;
				PRODUCT_NAME = "$(TARGET_NAME)";
				SWIFT_EMIT_LOC_STRINGS = YES;
				SWIFT_VERSION = 5.0;
				TARGETED_DEVICE_FAMILY = "1,2";
			};
			name = Debug;
		};
		C84EADD92AF8E26300DE5D8C /* Release */ = {
			isa = XCBuildConfiguration;
			buildSettings = {
				ASSETCATALOG_COMPILER_APPICON_NAME = AppIcon;
				ASSETCATALOG_COMPILER_GLOBAL_ACCENT_COLOR_NAME = AccentColor;
				CODE_SIGN_STYLE = Automatic;
				CURRENT_PROJECT_VERSION = 1;
				DEVELOPMENT_TEAM = DW8TYMM7W4;
				GENERATE_INFOPLIST_FILE = YES;
				INFOPLIST_FILE = git/Info.plist;
				INFOPLIST_KEY_UIApplicationSupportsIndirectInputEvents = YES;
				INFOPLIST_KEY_UILaunchStoryboardName = LaunchScreen;
				INFOPLIST_KEY_UIMainStoryboardFile = Main;
				INFOPLIST_KEY_UISupportedInterfaceOrientations_iPad = "UIInterfaceOrientationPortrait UIInterfaceOrientationPortraitUpsideDown UIInterfaceOrientationLandscapeLeft UIInterfaceOrientationLandscapeRight";
				INFOPLIST_KEY_UISupportedInterfaceOrientations_iPhone = "UIInterfaceOrientationPortrait UIInterfaceOrientationLandscapeLeft UIInterfaceOrientationLandscapeRight";
				LD_RUNPATH_SEARCH_PATHS = (
					"$(inherited)",
					"@executable_path/Frameworks",
				);
				MARKETING_VERSION = 1.0;
				PRODUCT_BUNDLE_IDENTIFIER = noname.git;
				PRODUCT_NAME = "$(TARGET_NAME)";
				SWIFT_EMIT_LOC_STRINGS = YES;
				SWIFT_VERSION = 5.0;
				TARGETED_DEVICE_FAMILY = "1,2";
			};
			name = Release;
		};
		C84EADDB2AF8E26300DE5D8C /* Debug */ = {
			isa = XCBuildConfiguration;
			buildSettings = {
				ALWAYS_EMBED_SWIFT_STANDARD_LIBRARIES = YES;
				BUNDLE_LOADER = "$(TEST_HOST)";
				CODE_SIGN_STYLE = Automatic;
				CURRENT_PROJECT_VERSION = 1;
				DEVELOPMENT_TEAM = DW8TYMM7W4;
				GENERATE_INFOPLIST_FILE = YES;
				IPHONEOS_DEPLOYMENT_TARGET = 16.4;
				MARKETING_VERSION = 1.0;
				PRODUCT_BUNDLE_IDENTIFIER = noname.gitTests;
				PRODUCT_NAME = "$(TARGET_NAME)";
				SWIFT_EMIT_LOC_STRINGS = NO;
				SWIFT_VERSION = 5.0;
				TARGETED_DEVICE_FAMILY = "1,2";
				TEST_HOST = "$(BUILT_PRODUCTS_DIR)/git.app/$(BUNDLE_EXECUTABLE_FOLDER_PATH)/git";
			};
			name = Debug;
		};
		C84EADDC2AF8E26300DE5D8C /* Release */ = {
			isa = XCBuildConfiguration;
			buildSettings = {
				ALWAYS_EMBED_SWIFT_STANDARD_LIBRARIES = YES;
				BUNDLE_LOADER = "$(TEST_HOST)";
				CODE_SIGN_STYLE = Automatic;
				CURRENT_PROJECT_VERSION = 1;
				DEVELOPMENT_TEAM = DW8TYMM7W4;
				GENERATE_INFOPLIST_FILE = YES;
				IPHONEOS_DEPLOYMENT_TARGET = 16.4;
				MARKETING_VERSION = 1.0;
				PRODUCT_BUNDLE_IDENTIFIER = noname.gitTests;
				PRODUCT_NAME = "$(TARGET_NAME)";
				SWIFT_EMIT_LOC_STRINGS = NO;
				SWIFT_VERSION = 5.0;
				TARGETED_DEVICE_FAMILY = "1,2";
				TEST_HOST = "$(BUILT_PRODUCTS_DIR)/git.app/$(BUNDLE_EXECUTABLE_FOLDER_PATH)/git";
			};
			name = Release;
		};
		C84EADDE2AF8E26300DE5D8C /* Debug */ = {
			isa = XCBuildConfiguration;
			buildSettings = {
				ALWAYS_EMBED_SWIFT_STANDARD_LIBRARIES = YES;
				CODE_SIGN_STYLE = Automatic;
				CURRENT_PROJECT_VERSION = 1;
				DEVELOPMENT_TEAM = DW8TYMM7W4;
				GENERATE_INFOPLIST_FILE = YES;
				MARKETING_VERSION = 1.0;
				PRODUCT_BUNDLE_IDENTIFIER = noname.gitUITests;
				PRODUCT_NAME = "$(TARGET_NAME)";
				SWIFT_EMIT_LOC_STRINGS = NO;
				SWIFT_VERSION = 5.0;
				TARGETED_DEVICE_FAMILY = "1,2";
				TEST_TARGET_NAME = git;
			};
			name = Debug;
		};
		C84EADDF2AF8E26300DE5D8C /* Release */ = {
			isa = XCBuildConfiguration;
			buildSettings = {
				ALWAYS_EMBED_SWIFT_STANDARD_LIBRARIES = YES;
				CODE_SIGN_STYLE = Automatic;
				CURRENT_PROJECT_VERSION = 1;
				DEVELOPMENT_TEAM = DW8TYMM7W4;
				GENERATE_INFOPLIST_FILE = YES;
				MARKETING_VERSION = 1.0;
				PRODUCT_BUNDLE_IDENTIFIER = noname.gitUITests;
				PRODUCT_NAME = "$(TARGET_NAME)";
				SWIFT_EMIT_LOC_STRINGS = NO;
				SWIFT_VERSION = 5.0;
				TARGETED_DEVICE_FAMILY = "1,2";
				TEST_TARGET_NAME = git;
			};
			name = Release;
		};
/* End XCBuildConfiguration section */

/* Begin XCConfigurationList section */
		C84EADA52AF8E26200DE5D8C /* Build configuration list for PBXProject "git" */ = {
			isa = XCConfigurationList;
			buildConfigurations = (
				C84EADD52AF8E26300DE5D8C /* Debug */,
				C84EADD62AF8E26300DE5D8C /* Release */,
			);
			defaultConfigurationIsVisible = 0;
			defaultConfigurationName = Release;
		};
		C84EADD72AF8E26300DE5D8C /* Build configuration list for PBXNativeTarget "git" */ = {
			isa = XCConfigurationList;
			buildConfigurations = (
				C84EADD82AF8E26300DE5D8C /* Debug */,
				C84EADD92AF8E26300DE5D8C /* Release */,
			);
			defaultConfigurationIsVisible = 0;
			defaultConfigurationName = Release;
		};
		C84EADDA2AF8E26300DE5D8C /* Build configuration list for PBXNativeTarget "gitTests" */ = {
			isa = XCConfigurationList;
			buildConfigurations = (
				C84EADDB2AF8E26300DE5D8C /* Debug */,
				C84EADDC2AF8E26300DE5D8C /* Release */,
			);
			defaultConfigurationIsVisible = 0;
			defaultConfigurationName = Release;
		};
		C84EADDD2AF8E26300DE5D8C /* Build configuration list for PBXNativeTarget "gitUITests" */ = {
			isa = XCConfigurationList;
			buildConfigurations = (
				C84EADDE2AF8E26300DE5D8C /* Debug */,
				C84EADDF2AF8E26300DE5D8C /* Release */,
			);
			defaultConfigurationIsVisible = 0;
			defaultConfigurationName = Release;
		};
/* End XCConfigurationList section */

/* Begin XCVersionGroup section */
		C84EADB62AF8E26200DE5D8C /* git.xcdatamodeld */ = {
			isa = XCVersionGroup;
			children = (
				C84EADB72AF8E26200DE5D8C /* git.xcdatamodel */,
			);
			currentVersion = C84EADB72AF8E26200DE5D8C /* git.xcdatamodel */;
			path = git.xcdatamodeld;
			sourceTree = "<group>";
			versionGroupType = wrapper.xcdatamodel;
		};
/* End XCVersionGroup section */
	};
	rootObject = C84EADA22AF8E26200DE5D8C /* Project object */;
}
